// !$*UTF8*$!
{
	archiveVersion = 1;
	classes = {
	};
	objectVersion = 56;
	objects = {

/* Begin PBXBuildFile section */
		C27427132F591E9400D09115 /* NextApp.swift in Sources */ = {isa = PBXBuildFile; fileRef = C27427122F591E9400D09115 /* NextApp.swift */; };
		C27427152F591E9400D09115 /* ContentView.swift in Sources */ = {isa = PBXBuildFile; fileRef = C27427142F591E9400D09115 /* ContentView.swift */; };
		C27427172F591E9500D09115 /* Assets.xcassets in Resources */ = {isa = PBXBuildFile; fileRef = C27427162F591E9500D09115 /* Assets.xcassets */; };
		C274271A2F591E9500D09115 /* Preview Assets.xcassets in Resources */ = {isa = PBXBuildFile; fileRef = C27427192F591E9500D09115 /* Preview Assets.xcassets */; };
		C27427202F591F0100D09115 /* Task.swift in Sources */ = {isa = PBXBuildFile; fileRef = C27427212F591F0100D09115 /* Task.swift */; };
		C27427222F591F0200D09115 /* NextState.swift in Sources */ = {isa = PBXBuildFile; fileRef = C27427232F591F0200D09115 /* NextState.swift */; };
		C27427242F591F0300D09115 /* SageAIService.swift in Sources */ = {isa = PBXBuildFile; fileRef = C27427252F591F0300D09115 /* SageAIService.swift */; };
		C27427262F591F0400D09115 /* StorageService.swift in Sources */ = {isa = PBXBuildFile; fileRef = C27427272F591F0400D09115 /* StorageService.swift */; };
		C27427282F591F0500D09115 /* Theme.swift in Sources */ = {isa = PBXBuildFile; fileRef = C27427292F591F0500D09115 /* Theme.swift */; };
		C274272A2F591F0600D09115 /* TaskView.swift in Sources */ = {isa = PBXBuildFile; fileRef = C274272B2F591F0600D09115 /* TaskView.swift */; };
		C274272C2F591F0700D09115 /* CompletionView.swift in Sources */ = {isa = PBXBuildFile; fileRef = C274272D2F591F0700D09115 /* CompletionView.swift */; };
		C274272E2F591F0800D09115 /* EnergyCheckView.swift in Sources */ = {isa = PBXBuildFile; fileRef = C274272F2F591F0800D09115 /* EnergyCheckView.swift */; };
		C27427302F591F0900D09115 /* GoalInputView.swift in Sources */ = {isa = PBXBuildFile; fileRef = C27427312F591F0900D09115 /* GoalInputView.swift */; };
		C27427322F591F0A00D09115 /* ReflectionView.swift in Sources */ = {isa = PBXBuildFile; fileRef = C27427332F591F0A00D09115 /* ReflectionView.swift */; };
		C27427342F591F0B00D09115 /* EmptyStateView.swift in Sources */ = {isa = PBXBuildFile; fileRef = C27427352F591F0B00D09115 /* EmptyStateView.swift */; };
		C27427362F591F0C00D09115 /* VoiceInputService.swift in Sources */ = {isa = PBXBuildFile; fileRef = C27427372F591F0C00D09115 /* VoiceInputService.swift */; };
/* End PBXBuildFile section */

/* Begin PBXFileReference section */
		C274270F2F591E9400D09115 /* Next.app */ = {isa = PBXFileReference; explicitFileType = wrapper.application; includeInIndex = 0; path = Next.app; sourceTree = BUILT_PRODUCTS_DIR; };
		C27427122F591E9400D09115 /* NextApp.swift */ = {isa = PBXFileReference; lastKnownFileType = sourcecode.swift; path = NextApp.swift; sourceTree = "<group>"; };
		C27427142F591E9400D09115 /* ContentView.swift */ = {isa = PBXFileReference; lastKnownFileType = sourcecode.swift; path = ContentView.swift; sourceTree = "<group>"; };
		C27427162F591E9500D09115 /* Assets.xcassets */ = {isa = PBXFileReference; lastKnownFileType = folder.assetcatalog; path = Assets.xcassets; sourceTree = "<group>"; };
		C27427192F591E9500D09115 /* Preview Assets.xcassets */ = {isa = PBXFileReference; lastKnownFileType = folder.assetcatalog; path = "Preview Assets.xcassets"; sourceTree = "<group>"; };
		C27427212F591F0100D09115 /* Task.swift */ = {isa = PBXFileReference; lastKnownFileType = sourcecode.swift; path = Task.swift; sourceTree = "<group>"; };
		C27427232F591F0200D09115 /* NextState.swift */ = {isa = PBXFileReference; lastKnownFileType = sourcecode.swift; path = NextState.swift; sourceTree = "<group>"; };
		C27427252F591F0300D09115 /* SageAIService.swift */ = {isa = PBXFileReference; lastKnownFileType = sourcecode.swift; path = SageAIService.swift; sourceTree = "<group>"; };
		C27427272F591F0400D09115 /* StorageService.swift */ = {isa = PBXFileReference; lastKnownFileType = sourcecode.swift; path = StorageService.swift; sourceTree = "<group>"; };
		C27427292F591F0500D09115 /* Theme.swift */ = {isa = PBXFileReference; lastKnownFileType = sourcecode.swift; path = Theme.swift; sourceTree = "<group>"; };
		C274272B2F591F0600D09115 /* TaskView.swift */ = {isa = PBXFileReference; lastKnownFileType = sourcecode.swift; path = TaskView.swift; sourceTree = "<group>"; };
		C274272D2F591F0700D09115 /* CompletionView.swift */ = {isa = PBXFileReference; lastKnownFileType = sourcecode.swift; path = CompletionView.swift; sourceTree = "<group>"; };
		C274272F2F591F0800D09115 /* EnergyCheckView.swift */ = {isa = PBXFileReference; lastKnownFileType = sourcecode.swift; path = EnergyCheckView.swift; sourceTree = "<group>"; };
		C27427312F591F0900D09115 /* GoalInputView.swift */ = {isa = PBXFileReference; lastKnownFileType = sourcecode.swift; path = GoalInputView.swift; sourceTree = "<group>"; };
		C27427332F591F0A00D09115 /* ReflectionView.swift */ = {isa = PBXFileReference; lastKnownFileType = sourcecode.swift; path = ReflectionView.swift; sourceTree = "<group>"; };
		C27427352F591F0B00D09115 /* EmptyStateView.swift */ = {isa = PBXFileReference; lastKnownFileType = sourcecode.swift; path = EmptyStateView.swift; sourceTree = "<group>"; };
		C27427372F591F0C00D09115 /* VoiceInputService.swift */ = {isa = PBXFileReference; lastKnownFileType = sourcecode.swift; path = VoiceInputService.swift; sourceTree = "<group>"; };
/* End PBXFileReference section */

/* Begin PBXFrameworksBuildPhase section */
		C274270C2F591E9400D09115 /* Frameworks */ = {
			isa = PBXFrameworksBuildPhase;
			buildActionMask = 2147483647;
			files = (
			);
			runOnlyForDeploymentPostprocessing = 0;
		};
/* End PBXFrameworksBuildPhase section */

/* Begin PBXGroup section */
		C27427062F591E9400D09115 = {
			isa = PBXGroup;
			children = (
				C27427112F591E9400D09115 /* Next */,
				C27427102F591E9400D09115 /* Products */,
			);
			sourceTree = "<group>";
		};
		C27427102F591E9400D09115 /* Products */ = {
			isa = PBXGroup;
			children = (
				C274270F2F591E9400D09115 /* Next.app */,
			);
			name = Products;
			sourceTree = "<group>";
		};
		C27427112F591E9400D09115 /* Next */ = {
			isa = PBXGroup;
			children = (
				C27427122F591E9400D09115 /* NextApp.swift */,
				C27427142F591E9400D09115 /* ContentView.swift */,
				C27427212F591F0100D09115 /* Task.swift */,
				C27427232F591F0200D09115 /* NextState.swift */,
				C27427252F591F0300D09115 /* SageAIService.swift */,
				C27427272F591F0400D09115 /* StorageService.swift */,
				C27427292F591F0500D09115 /* Theme.swift */,
				C274272B2F591F0600D09115 /* TaskView.swift */,
				C274272D2F591F0700D09115 /* CompletionView.swift */,
				C274272F2F591F0800D09115 /* EnergyCheckView.swift */,
				C27427312F591F0900D09115 /* GoalInputView.swift */,
				C27427332F591F0A00D09115 /* ReflectionView.swift */,
				C27427352F591F0B00D09115 /* EmptyStateView.swift */,
				C27427372F591F0C00D09115 /* VoiceInputService.swift */,
				C27427162F591E9500D09115 /* Assets.xcassets */,
				C27427182F591E9500D09115 /* Preview Content */,
			);
			path = Next;
			sourceTree = "<group>";
		};
		C27427182F591E9500D09115 /* Preview Content */ = {
			isa = PBXGroup;
			children = (
				C27427192F591E9500D09115 /* Preview Assets.xcassets */,
			);
			path = "Preview Content";
			sourceTree = "<group>";
		};
/* End PBXGroup section */

/* Begin PBXNativeTarget section */
		C274270E2F591E9400D09115 /* Next */ = {
			isa = PBXNativeTarget;
			buildConfigurationList = C274271D2F591E9500D09115 /* Build configuration list for PBXNativeTarget "Next" */;
			buildPhases = (
				C274270B2F591E9400D09115 /* Sources */,
				C274270C2F591E9400D09115 /* Frameworks */,
				C274270D2F591E9400D09115 /* Resources */,
			);
			buildRules = (
			);
			dependencies = (
			);
			name = Next;
			productName = Next;
			productReference = C274270F2F591E9400D09115 /* Next.app */;
			productType = "com.apple.product-type.application";
		};
/* End PBXNativeTarget section */

/* Begin PBXProject section */
		C27427072F591E9400D09115 /* Project object */ = {
			isa = PBXProject;
			attributes = {
				BuildIndependentTargetsInParallel = 1;
				LastSwiftUpdateCheck = 1540;
				LastUpgradeCheck = 1540;
				TargetAttributes = {
					C274270E2F591E9400D09115 = {
						CreatedOnToolsVersion = 15.4;
					};
				};
			};
			buildConfigurationList = C274270A2F591E9400D09115 /* Build configuration list for PBXProject "Next" */;
			compatibilityVersion = "Xcode 14.0";
			developmentRegion = en;
			hasScannedForEncodings = 0;
			knownRegions = (
				en,
				Base,
			);
			mainGroup = C27427062F591E9400D09115;
			productRefGroup = C27427102F591E9400D09115 /* Products */;
			projectDirPath = "";
			projectRoot = "";
			targets = (
				C274270E2F591E9400D09115 /* Next */,
			);
		};
/* End PBXProject section */

/* Begin PBXResourcesBuildPhase section */
		C274270D2F591E9400D09115 /* Resources */ = {
			isa = PBXResourcesBuildPhase;
			buildActionMask = 2147483647;
			files = (
				C274271A2F591E9500D09115 /* Preview Assets.xcassets in Resources */,
				C27427172F591E9500D09115 /* Assets.xcassets in Resources */,
			);
			runOnlyForDeploymentPostprocessing = 0;
		};
/* End PBXResourcesBuildPhase section */

/* Begin PBXSourcesBuildPhase section */
		C274270B2F591E9400D09115 /* Sources */ = {
			isa = PBXSourcesBuildPhase;
			buildActionMask = 2147483647;
			files = (
				C27427152F591E9400D09115 /* ContentView.swift in Sources */,
				C27427132F591E9400D09115 /* NextApp.swift in Sources */,
				C27427202F591F0100D09115 /* Task.swift in Sources */,
				C27427222F591F0200D09115 /* NextState.swift in Sources */,
				C27427242F591F0300D09115 /* SageAIService.swift in Sources */,
				C27427262F591F0400D09115 /* StorageService.swift in Sources */,
				C27427282F591F0500D09115 /* Theme.swift in Sources */,
				C274272A2F591F0600D09115 /* TaskView.swift in Sources */,
				C274272C2F591F0700D09115 /* CompletionView.swift in Sources */,
				C274272E2F591F0800D09115 /* EnergyCheckView.swift in Sources */,
				C27427302F591F0900D09115 /* GoalInputView.swift in Sources */,
				C27427322F591F0A00D09115 /* ReflectionView.swift in Sources */,
				C27427342F591F0B00D09115 /* EmptyStateView.swift in Sources */,
				C27427362F591F0C00D09115 /* VoiceInputService.swift in Sources */,
			);
			runOnlyForDeploymentPostprocessing = 0;
		};
/* End PBXSourcesBuildPhase section */

/* Begin XCBuildConfiguration section */
		C274271B2F591E9500D09115 /* Debug */ = {
			isa = XCBuildConfiguration;
			buildSettings = {
				ALWAYS_SEARCH_USER_PATHS = NO;
				ASSETCATALOG_COMPILER_GENERATE_SWIFT_ASSET_SYMBOL_EXTENSIONS = YES;
				CLANG_ANALYZER_NONNULL = YES;
				CLANG_ANALYZER_NUMBER_OBJECT_CONVERSION = YES_AGGRESSIVE;
				CLANG_CXX_LANGUAGE_STANDARD = "gnu++20";
				CLANG_ENABLE_MODULES = YES;
				CLANG_ENABLE_OBJC_ARC = YES;
				CLANG_ENABLE_OBJC_WEAK = YES;
				CLANG_WARN_BLOCK_CAPTURE_AUTORELEASING = YES;
				CLANG_WARN_BOOL_CONVERSION = YES;
				CLANG_WARN_COMMA = YES;
				CLANG_WARN_CONSTANT_CONVERSION = YES;
				CLANG_WARN_DEPRECATED_OBJC_IMPLEMENTATIONS = YES;
				CLANG_WARN_DIRECT_OBJC_ISA_USAGE = YES_ERROR;
				CLANG_WARN_DOCUMENTATION_COMMENTS = YES;
				CLANG_WARN_EMPTY_BODY = YES;
				CLANG_WARN_ENUM_CONVERSION = YES;
				CLANG_WARN_INFINITE_RECURSION = YES;
				CLANG_WARN_INT_CONVERSION = YES;
				CLANG_WARN_NON_LITERAL_NULL_CONVERSION = YES;
				CLANG_WARN_OBJC_IMPLICIT_RETAIN_SELF = YES;
				CLANG_WARN_OBJC_LITERAL_CONVERSION = YES;
				CLANG_WARN_OBJC_ROOT_CLASS = YES_ERROR;
				CLANG_WARN_QUOTED_INCLUDE_IN_FRAMEWORK_HEADER = YES;
				CLANG_WARN_RANGE_LOOP_ANALYSIS = YES;
				CLANG_WARN_STRICT_PROTOTYPES = YES;
				CLANG_WARN_SUSPICIOUS_MOVE = YES;
				CLANG_WARN_UNGUARDED_AVAILABILITY = YES_AGGRESSIVE;
				CLANG_WARN_UNREACHABLE_CODE = YES;
				CLANG_WARN__DUPLICATE_METHOD_MATCH = YES;
				COPY_PHASE_STRIP = NO;
				DEBUG_INFORMATION_FORMAT = dwarf;
				ENABLE_STRICT_OBJC_MSGSEND = YES;
				ENABLE_TESTABILITY = YES;
				ENABLE_USER_SCRIPT_SANDBOXING = YES;
				GCC_C_LANGUAGE_STANDARD = gnu17;
				GCC_DYNAMIC_NO_PIC = NO;
				GCC_NO_COMMON_BLOCKS = YES;
				GCC_OPTIMIZATION_LEVEL = 0;
				GCC_PREPROCESSOR_DEFINITIONS = (
					"DEBUG=1",
					"$(inherited)",
				);
				GCC_WARN_64_TO_32_BIT_CONVERSION = YES;
				GCC_WARN_ABOUT_RETURN_TYPE = YES_ERROR;
				GCC_WARN_UNDECLARED_SELECTOR = YES;
				GCC_WARN_UNINITIALIZED_AUTOS = YES_AGGRESSIVE;
				GCC_WARN_UNUSED_FUNCTION = YES;
				GCC_WARN_UNUSED_VARIABLE = YES;
				IPHONEOS_DEPLOYMENT_TARGET = 17.5;
				LOCALIZATION_PREFERS_STRING_CATALOGS = YES;
				MTL_ENABLE_DEBUG_INFO = INCLUDE_SOURCE;
				MTL_FAST_MATH = YES;
				ONLY_ACTIVE_ARCH = YES;
				SDKROOT = iphoneos;
				SWIFT_ACTIVE_COMPILATION_CONDITIONS = "DEBUG $(inherited)";
				SWIFT_OPTIMIZATION_LEVEL = "-Onone";
			};
			name = Debug;
		};
		C274271C2F591E9500D09115 /* Release */ = {
			isa = XCBuildConfiguration;
			buildSettings = {
				ALWAYS_SEARCH_USER_PATHS = NO;
				ASSETCATALOG_COMPILER_GENERATE_SWIFT_ASSET_SYMBOL_EXTENSIONS = YES;
				CLANG_ANALYZER_NONNULL = YES;
				CLANG_ANALYZER_NUMBER_OBJECT_CONVERSION = YES_AGGRESSIVE;
				CLANG_CXX_LANGUAGE_STANDARD = "gnu++20";
				CLANG_ENABLE_MODULES = YES;
				CLANG_ENABLE_OBJC_ARC = YES;
				CLANG_ENABLE_OBJC_WEAK = YES;
				CLANG_WARN_BLOCK_CAPTURE_AUTORELEASING = YES;
				CLANG_WARN_BOOL_CONVERSION = YES;
				CLANG_WARN_COMMA = YES;
				CLANG_WARN_CONSTANT_CONVERSION = YES;
				CLANG_WARN_DEPRECATED_OBJC_IMPLEMENTATIONS = YES;
				CLANG_WARN_DIRECT_OBJC_ISA_USAGE = YES_ERROR;
				CLANG_WARN_DOCUMENTATION_COMMENTS = YES;
				CLANG_WARN_EMPTY_BODY = YES;
				CLANG_WARN_ENUM_CONVERSION = YES;
				CLANG_WARN_INFINITE_RECURSION = YES;
				CLANG_WARN_INT_CONVERSION = YES;
				CLANG_WARN_NON_LITERAL_NULL_CONVERSION = YES;
				CLANG_WARN_OBJC_IMPLICIT_RETAIN_SELF = YES;
				CLANG_WARN_OBJC_LITERAL_CONVERSION = YES;
				CLANG_WARN_OBJC_ROOT_CLASS = YES_ERROR;
				CLANG_WARN_QUOTED_INCLUDE_IN_FRAMEWORK_HEADER = YES;
				CLANG_WARN_RANGE_LOOP_ANALYSIS = YES;
				CLANG_WARN_STRICT_PROTOTYPES = YES;
				CLANG_WARN_SUSPICIOUS_MOVE = YES;
				CLANG_WARN_UNGUARDED_AVAILABILITY = YES_AGGRESSIVE;
				CLANG_WARN_UNREACHABLE_CODE = YES;
				CLANG_WARN__DUPLICATE_METHOD_MATCH = YES;
				COPY_PHASE_STRIP = NO;
				DEBUG_INFORMATION_FORMAT = "dwarf-with-dsym";
				ENABLE_NS_ASSERTIONS = NO;
				ENABLE_STRICT_OBJC_MSGSEND = YES;
				ENABLE_USER_SCRIPT_SANDBOXING = YES;
				GCC_C_LANGUAGE_STANDARD = gnu17;
				GCC_NO_COMMON_BLOCKS = YES;
				GCC_WARN_64_TO_32_BIT_CONVERSION = YES;
				GCC_WARN_ABOUT_RETURN_TYPE = YES_ERROR;
				GCC_WARN_UNDECLARED_SELECTOR = YES;
				GCC_WARN_UNINITIALIZED_AUTOS = YES_AGGRESSIVE;
				GCC_WARN_UNUSED_FUNCTION = YES;
				GCC_WARN_UNUSED_VARIABLE = YES;
				IPHONEOS_DEPLOYMENT_TARGET = 17.5;
				LOCALIZATION_PREFERS_STRING_CATALOGS = YES;
				MTL_ENABLE_DEBUG_INFO = NO;
				MTL_FAST_MATH = YES;
				SDKROOT = iphoneos;
				SWIFT_COMPILATION_MODE = wholemodule;
				VALIDATE_PRODUCT = YES;
			};
			name = Release;
		};
		C274271E2F591E9500D09115 /* Debug */ = {
			isa = XCBuildConfiguration;
			buildSettings = {
				ASSETCATALOG_COMPILER_APPICON_NAME = AppIcon;
				ASSETCATALOG_COMPILER_GLOBAL_ACCENT_COLOR_NAME = AccentColor;
				CODE_SIGN_STYLE = Automatic;
				CURRENT_PROJECT_VERSION = 1;
				DEVELOPMENT_ASSET_PATHS = "\"Next/Preview Content\"";
				DEVELOPMENT_TEAM = QH98CH84GK;
				ENABLE_PREVIEWS = YES;
				GENERATE_INFOPLIST_FILE = YES;
				INFOPLIST_KEY_UIApplicationSceneManifest_Generation = YES;
				INFOPLIST_KEY_UIApplicationSupportsIndirectInputEvents = YES;
				INFOPLIST_KEY_UILaunchScreen_Generation = YES;
				INFOPLIST_KEY_UISupportedInterfaceOrientations_iPad = "UIInterfaceOrientationPortrait UIInterfaceOrientationPortraitUpsideDown UIInterfaceOrientationLandscapeLeft UIInterfaceOrientationLandscapeRight";
				INFOPLIST_KEY_UISupportedInterfaceOrientations_iPhone = "UIInterfaceOrientationPortrait UIInterfaceOrientationLandscapeLeft UIInterfaceOrientationLandscapeRight";
				LD_RUNPATH_SEARCH_PATHS = (
					"$(inherited)",
					"@executable_path/Frameworks",
				);
				MARKETING_VERSION = 1.0;
				PRODUCT_BUNDLE_IDENTIFIER = com.colin.Next;
				PRODUCT_NAME = "$(TARGET_NAME)";
				SWIFT_EMIT_LOC_STRINGS = YES;
				SWIFT_VERSION = 5.0;
				TARGETED_DEVICE_FAMILY = "1,2";
			};
			name = Debug;
		};
		C274271F2F591E9500D09115 /* Release */ = {
			isa = XCBuildConfiguration;
			buildSettings = {
				ASSETCATALOG_COMPILER_APPICON_NAME = AppIcon;
				ASSETCATALOG_COMPILER_GLOBAL_ACCENT_COLOR_NAME = AccentColor;
				CODE_SIGN_STYLE = Automatic;
				CURRENT_PROJECT_VERSION = 1;
				DEVELOPMENT_ASSET_PATHS = "\"Next/Preview Content\"";
				DEVELOPMENT_TEAM = QH98CH84GK;
				ENABLE_PREVIEWS = YES;
				GENERATE_INFOPLIST_FILE = YES;
				INFOPLIST_KEY_UIApplicationSceneManifest_Generation = YES;
				INFOPLIST_KEY_UIApplicationSupportsIndirectInputEvents = YES;
				INFOPLIST_KEY_UILaunchScreen_Generation = YES;
				INFOPLIST_KEY_UISupportedInterfaceOrientations_iPad = "UIInterfaceOrientationPortrait UIInterfaceOrientationPortraitUpsideDown UIInterfaceOrientationLandscapeLeft UIInterfaceOrientationLandscapeRight";
				INFOPLIST_KEY_UISupportedInterfaceOrientations_iPhone = "UIInterfaceOrientationPortrait UIInterfaceOrientationLandscapeLeft UIInterfaceOrientationLandscapeRight";
				LD_RUNPATH_SEARCH_PATHS = (
					"$(inherited)",
					"@executable_path/Frameworks",
				);
				MARKETING_VERSION = 1.0;
				PRODUCT_BUNDLE_IDENTIFIER = com.colin.Next;
				PRODUCT_NAME = "$(TARGET_NAME)";
				SWIFT_EMIT_LOC_STRINGS = YES;
				SWIFT_VERSION = 5.0;
				TARGETED_DEVICE_FAMILY = "1,2";
			};
			name = Release;
		};
/* End XCBuildConfiguration section */

/* Begin XCConfigurationList section */
		C274270A2F591E9400D09115 /* Build configuration list for PBXProject "Next" */ = {
			isa = XCConfigurationList;
			buildConfigurations = (
				C274271B2F591E9500D09115 /* Debug */,
				C274271C2F591E9500D09115 /* Release */,
			);
			defaultConfigurationIsVisible = 0;
			defaultConfigurationName = Release;
		};
		C274271D2F591E9500D09115 /* Build configuration list for PBXNativeTarget "Next" */ = {
			isa = XCConfigurationList;
			buildConfigurations = (
				C274271E2F591E9500D09115 /* Debug */,
				C274271F2F591E9500D09115 /* Release */,
			);
			defaultConfigurationIsVisible = 0;
			defaultConfigurationName = Release;
		};
/* End XCConfigurationList section */
	};
	rootObject = C27427072F591E9400D09115 /* Project object */;
}
